
Microsoft Visual Studio Solution File, Format Version 12.00
# Visual Studio Version 17
VisualStudioVersion = 17.2.32616.157
MinimumVisualStudioVersion = 10.0.40219.1
Project("{9A19103F-16F7-4668-BE54-9A1E7A4F7556}") = "FactoryPattern", "FactoryPattern\FactoryPattern.csproj", "{5A98575E-259D-42D8-8848-50B7F850108D}"
EndProject
Project("{2150E333-8FDC-42A3-9474-1A3956D46DE8}") = "Solution Items", "Solution Items", "{DE0291AA-5469-46E6-9AB5-7B8239E4E50B}"
	ProjectSection(SolutionItems) = preProject
		Car.cs = Car.cs
		IVehicle.cs = IVehicle.cs
		Motorcycle.cs = Motorcycle.cs
		ThreeWheeler.cs = ThreeWheeler.cs
		VehicleFactory.cs = VehicleFactory.cs
	EndProjectSection
EndProject
Global
	GlobalSection(SolutionConfigurationPlatforms) = preSolution
		Debug|Any CPU = Debug|Any CPU
		Release|Any CPU = Release|Any CPU
	EndGlobalSection
	GlobalSection(ProjectConfigurationPlatforms) = postSolution
		{5A98575E-259D-42D8-8848-50B7F850108D}.Debug|Any CPU.ActiveCfg = Debug|Any CPU
		{5A98575E-259D-42D8-8848-50B7F850108D}.Debug|Any CPU.Build.0 = Debug|Any CPU
		{5A98575E-259D-42D8-8848-50B7F850108D}.Release|Any CPU.ActiveCfg = Release|Any CPU
		{5A98575E-259D-42D8-8848-50B7F850108D}.Release|Any CPU.Build.0 = Release|Any CPU
	EndGlobalSection
	GlobalSection(SolutionProperties) = preSolution
		HideSolutionNode = FALSE
	EndGlobalSection
	GlobalSection(ExtensibilityGlobals) = postSolution
		SolutionGuid = {86DD8520-FB28-462C-9C62-86CAFE2CF9C0}
	EndGlobalSection
EndGlobal
